
Microsoft Visual Studio Solution File, Format Version 12.00
# Visual Studio Version 17
VisualStudioVersion = 17.14.36623.8
MinimumVisualStudioVersion = 10.0.40219.1
Project("{FAE04EC0-301F-11D3-BF4B-00C04F79EFBC}") = "MarketPrice.Api", "MarketPrice.Api\MarketPrice.Api.csproj", "{24D1BCF2-1C7A-2833-9D85-1A0E425AC068}"
EndProject
Project("{FAE04EC0-301F-11D3-BF4B-00C04F79EFBC}") = "MarketPrice.Data", "MarketPrice.Data\MarketPrice.Data.csproj", "{6DD8E6AE-C179-428C-B0D9-C69390325A97}"
EndProject
Project("{FAE04EC0-301F-11D3-BF4B-00C04F79EFBC}") = "MarketPrice.Domain", "MarketPrice.Domain\MarketPrice.Domain.csproj", "{84AD06CD-222F-4381-B455-4035C9CDEDE5}"
EndProject
Project("{FAE04EC0-301F-11D3-BF4B-00C04F79EFBC}") = "MarketPrice.Services", "MarketPrice.Services\MarketPrice.Services.csproj", "{7CC2E3E3-D199-4B60-AE44-818DCF4CAACC}"
EndProject
Global
	GlobalSection(SolutionConfigurationPlatforms) = preSolution
		Debug|Any CPU = Debug|Any CPU
		Release|Any CPU = Release|Any CPU
	EndGlobalSection
	GlobalSection(ProjectConfigurationPlatforms) = postSolution
		{24D1BCF2-1C7A-2833-9D85-1A0E425AC068}.Debug|Any CPU.ActiveCfg = Debug|Any CPU
		{24D1BCF2-1C7A-2833-9D85-1A0E425AC068}.Debug|Any CPU.Build.0 = Debug|Any CPU
		{24D1BCF2-1C7A-2833-9D85-1A0E425AC068}.Release|Any CPU.ActiveCfg = Release|Any CPU
		{24D1BCF2-1C7A-2833-9D85-1A0E425AC068}.Release|Any CPU.Build.0 = Release|Any CPU
		{6DD8E6AE-C179-428C-B0D9-C69390325A97}.Debug|Any CPU.ActiveCfg = Debug|Any CPU
		{6DD8E6AE-C179-428C-B0D9-C69390325A97}.Debug|Any CPU.Build.0 = Debug|Any CPU
		{6DD8E6AE-C179-428C-B0D9-C69390325A97}.Release|Any CPU.ActiveCfg = Release|Any CPU
		{6DD8E6AE-C179-428C-B0D9-C69390325A97}.Release|Any CPU.Build.0 = Release|Any CPU
		{84AD06CD-222F-4381-B455-4035C9CDEDE5}.Debug|Any CPU.ActiveCfg = Debug|Any CPU
		{84AD06CD-222F-4381-B455-4035C9CDEDE5}.Debug|Any CPU.Build.0 = Debug|Any CPU
		{84AD06CD-222F-4381-B455-4035C9CDEDE5}.Release|Any CPU.ActiveCfg = Release|Any CPU
		{84AD06CD-222F-4381-B455-4035C9CDEDE5}.Release|Any CPU.Build.0 = Release|Any CPU
		{7CC2E3E3-D199-4B60-AE44-818DCF4CAACC}.Debug|Any CPU.ActiveCfg = Debug|Any CPU
		{7CC2E3E3-D199-4B60-AE44-818DCF4CAACC}.Debug|Any CPU.Build.0 = Debug|Any CPU
		{7CC2E3E3-D199-4B60-AE44-818DCF4CAACC}.Release|Any CPU.ActiveCfg = Release|Any CPU
		{7CC2E3E3-D199-4B60-AE44-818DCF4CAACC}.Release|Any CPU.Build.0 = Release|Any CPU
	EndGlobalSection
	GlobalSection(SolutionProperties) = preSolution
		HideSolutionNode = FALSE
	EndGlobalSection
	GlobalSection(ExtensibilityGlobals) = postSolution
		SolutionGuid = {717C14DD-47EF-42A9-85F0-AC0CB3FA5AF6}
	EndGlobalSection
EndGlobal
